
Microsoft Visual Studio Solution File, Format Version 12.00
# Visual Studio Version 17
VisualStudioVersion = 17.6.33829.357
MinimumVisualStudioVersion = 10.0.40219.1
Project("{FAE04EC0-301F-11D3-BF4B-00C04F79EFBC}") = "YellowBook", "YellowBook\YellowBook.csproj", "{B85DD3B4-15A3-40C1-A07C-34639B6B29CC}"
EndProject
Global
	GlobalSection(SolutionConfigurationPlatforms) = preSolution
		Debug|Any CPU = Debug|Any CPU
		Release|Any CPU = Release|Any CPU
	EndGlobalSection
	GlobalSection(ProjectConfigurationPlatforms) = postSolution
		{B85DD3B4-15A3-40C1-A07C-34639B6B29CC}.Debug|Any CPU.ActiveCfg = Debug|Any CPU
		{B85DD3B4-15A3-40C1-A07C-34639B6B29CC}.Debug|Any CPU.Build.0 = Debug|Any CPU
		{B85DD3B4-15A3-40C1-A07C-34639B6B29CC}.Release|Any CPU.ActiveCfg = Release|Any CPU
		{B85DD3B4-15A3-40C1-A07C-34639B6B29CC}.Release|Any CPU.Build.0 = Release|Any CPU
	EndGlobalSection
	GlobalSection(SolutionProperties) = preSolution
		HideSolutionNode = FALSE
	EndGlobalSection
	GlobalSection(ExtensibilityGlobals) = postSolution
		SolutionGuid = {7D278E0C-166A-43AD-A6CF-DFD732BA4C50}
	EndGlobalSection
EndGlobal
